<Solution>
  <Project Path="../ArbiScannerAdminPannel/ArbiScannerAdminPanel.Infrastructure/ArbiScannerAdminPanel.Infrastructure.csproj" />
  <Project Path="../ArbiScannerWebApp/ArbiScannerWeb.Abstractions/ArbiScannerWeb.Abstractions.csproj" />
  <Project Path="../ArbiScannerWebApp/ArbiScannerWeb.Domain/ArbiScannerWeb.Domain.csproj" />
  <Project Path="../ArbiScannerWebApp/ArbiScannerWeb.Infrastructure/ArbiScannerWeb.Infrastructure.csproj" />
  <Project Path="ArbiScanner.TelegramNotifierApp.Abstractions/ArbiScanner.TelegramNotifierApp.Abstractions.csproj" />
  <Project Path="ArbiScanner.TelegramNotifierApp.Application/ArbiScanner.TelegramNotifierApp.Application.csproj" />
  <Project Path="ArbiScanner.TelegramNotifierApp.Domain/ArbiScanner.TelegramNotifierApp.Domain.csproj" />
  <Project Path="ArbiScanner.TelegramNotifierApp.Infrastructure/ArbiScanner.TelegramNotifierApp.Infrastructure.csproj" />
  <Project Path="ArbiScanner.TelegramNotifierApp.Worker/ArbiScanner.TelegramNotifierApp.Worker.csproj" />
  <Project Path="ArbiScanner.TelegramNotifierApp.Tests/ArbiScanner.TelegramNotifierApp.Tests.csproj" />
</Solution>
